// !$*UTF8*$!
{
	archiveVersion = 1;
	classes = {
	};
	objectVersion = 77;
	objects = {

/* Begin PBXBuildFile section */
		1D2DE0672F251E3600FFDF24 /* WidgetKit.framework in Frameworks */ = {isa = PBXBuildFile; fileRef = 1D2DE0662F251E3600FFDF24 /* WidgetKit.framework */; };
		1D2DE0692F251E3600FFDF24 /* SwiftUI.framework in Frameworks */ = {isa = PBXBuildFile; fileRef = 1D2DE0682F251E3600FFDF24 /* SwiftUI.framework */; };
		1D2DE0742F251E3700FFDF24 /* LockScreen WidgetsExtension.appex in Embed Foundation Extensions */ = {isa = PBXBuildFile; fileRef = 1D2DE0642F251E3600FFDF24 /* LockScreen WidgetsExtension.appex */; settings = {ATTRIBUTES = (RemoveHeadersOnCopy, ); }; };
/* End PBXBuildFile section */

/* Begin PBXContainerItemProxy section */
		1D2DE0722F251E3700FFDF24 /* PBXContainerItemProxy */ = {
			isa = PBXContainerItemProxy;
			containerPortal = 1DF6BCDC2F1CD8D600C3E6BA /* Project object */;
			proxyType = 1;
			remoteGlobalIDString = 1D2DE0632F251E3600FFDF24;
			remoteInfo = "LockScreen WidgetsExtension";
		};
/* End PBXContainerItemProxy section */

/* Begin PBXCopyFilesBuildPhase section */
		1D60E8E12F24D73500B1965A /* Embed Foundation Extensions */ = {
			isa = PBXCopyFilesBuildPhase;
			buildActionMask = 2147483647;
			dstPath = "";
			dstSubfolderSpec = 13;
			files = (
				1D2DE0742F251E3700FFDF24 /* LockScreen WidgetsExtension.appex in Embed Foundation Extensions */,
			);
			name = "Embed Foundation Extensions";
			runOnlyForDeploymentPostprocessing = 0;
		};
/* End PBXCopyFilesBuildPhase section */

/* Begin PBXFileReference section */
		1D2DE0642F251E3600FFDF24 /* LockScreen WidgetsExtension.appex */ = {isa = PBXFileReference; explicitFileType = "wrapper.app-extension"; includeInIndex = 0; path = "LockScreen WidgetsExtension.appex"; sourceTree = BUILT_PRODUCTS_DIR; };
		1D2DE0662F251E3600FFDF24 /* WidgetKit.framework */ = {isa = PBXFileReference; lastKnownFileType = wrapper.framework; name = WidgetKit.framework; path = System/Library/Frameworks/WidgetKit.framework; sourceTree = SDKROOT; };
		1D2DE0682F251E3600FFDF24 /* SwiftUI.framework */ = {isa = PBXFileReference; lastKnownFileType = wrapper.framework; name = SwiftUI.framework; path = System/Library/Frameworks/SwiftUI.framework; sourceTree = SDKROOT; };
		1D833E442F255BD20035B70B /* LockScreen WidgetsExtension.entitlements */ = {isa = PBXFileReference; lastKnownFileType = text.plist.entitlements; path = "LockScreen WidgetsExtension.entitlements"; sourceTree = "<group>"; };
		1DF6BCE42F1CD8D600C3E6BA /* Intake.app */ = {isa = PBXFileReference; explicitFileType = wrapper.application; includeInIndex = 0; path = Intake.app; sourceTree = BUILT_PRODUCTS_DIR; };
/* End PBXFileReference section */

/* Begin PBXFileSystemSynchronizedBuildFileExceptionSet section */
		1D2DE0782F251E3700FFDF24 /* Exceptions for "LockScreen Widgets" folder in "LockScreen WidgetsExtension" target */ = {
			isa = PBXFileSystemSynchronizedBuildFileExceptionSet;
			membershipExceptions = (
				Info.plist,
			);
			target = 1D2DE0632F251E3600FFDF24 /* LockScreen WidgetsExtension */;
		};
		1D2DE07D2F252A6400FFDF24 /* Exceptions for "Intake" folder in "LockScreen WidgetsExtension" target */ = {
			isa = PBXFileSystemSynchronizedBuildFileExceptionSet;
			membershipExceptions = (
				Assets/Assets.xcassets,
				Core/Customs/TextFieldModifier.swift,
				"Core/Extensions/View+Extension.swift",
				Core/Persistence/DataController.swift,
				Core/Persistence/SmokingEvent.swift,
				Core/Persistence/UserEntity.swift,
			);
			target = 1D2DE0632F251E3600FFDF24 /* LockScreen WidgetsExtension */;
		};
		1D2DE0852F252BEF00FFDF24 /* Exceptions for "LockScreen Widgets" folder in "Intake" target */ = {
			isa = PBXFileSystemSynchronizedBuildFileExceptionSet;
			membershipExceptions = (
				LogSmokeIntent.swift,
			);
			target = 1DF6BCE32F1CD8D600C3E6BA /* Intake */;
		};
		1D60E8C12F23F67100B1965A /* Exceptions for "Intake" folder in "Intake" target */ = {
			isa = PBXFileSystemSynchronizedBuildFileExceptionSet;
			membershipExceptions = (
				Screenshots/LaunchScreenDark.png,
				Screenshots/LaunchScreenLight.png,
				Screenshots/MainScreenDark.png,
				Screenshots/MainScreenLight.png,
				Screenshots/RegisterScreenDak.png,
				Screenshots/RegisterScreenLight.png,
			);
			target = 1DF6BCE32F1CD8D600C3E6BA /* Intake */;
		};
/* End PBXFileSystemSynchronizedBuildFileExceptionSet section */

/* Begin PBXFileSystemSynchronizedRootGroup section */
		1D2DE06A2F251E3600FFDF24 /* LockScreen Widgets */ = {
			isa = PBXFileSystemSynchronizedRootGroup;
			exceptions = (
				1D2DE0852F252BEF00FFDF24 /* Exceptions for "LockScreen Widgets" folder in "Intake" target */,
				1D2DE0782F251E3700FFDF24 /* Exceptions for "LockScreen Widgets" folder in "LockScreen WidgetsExtension" target */,
			);
			path = "LockScreen Widgets";
			sourceTree = "<group>";
		};
		1DF6BCE62F1CD8D600C3E6BA /* Intake */ = {
			isa = PBXFileSystemSynchronizedRootGroup;
			exceptions = (
				1D60E8C12F23F67100B1965A /* Exceptions for "Intake" folder in "Intake" target */,
				1D2DE07D2F252A6400FFDF24 /* Exceptions for "Intake" folder in "LockScreen WidgetsExtension" target */,
			);
			path = Intake;
			sourceTree = "<group>";
		};
/* End PBXFileSystemSynchronizedRootGroup section */

/* Begin PBXFrameworksBuildPhase section */
		1D2DE0612F251E3600FFDF24 /* Frameworks */ = {
			isa = PBXFrameworksBuildPhase;
			buildActionMask = 2147483647;
			files = (
				1D2DE0692F251E3600FFDF24 /* SwiftUI.framework in Frameworks */,
				1D2DE0672F251E3600FFDF24 /* WidgetKit.framework in Frameworks */,
			);
			runOnlyForDeploymentPostprocessing = 0;
		};
		1DF6BCE12F1CD8D600C3E6BA /* Frameworks */ = {
			isa = PBXFrameworksBuildPhase;
			buildActionMask = 2147483647;
			files = (
			);
			runOnlyForDeploymentPostprocessing = 0;
		};
/* End PBXFrameworksBuildPhase section */

/* Begin PBXGroup section */
		1D2DE0652F251E3600FFDF24 /* Frameworks */ = {
			isa = PBXGroup;
			children = (
				1D2DE0662F251E3600FFDF24 /* WidgetKit.framework */,
				1D2DE0682F251E3600FFDF24 /* SwiftUI.framework */,
			);
			name = Frameworks;
			sourceTree = "<group>";
		};
		1DF6BCDB2F1CD8D600C3E6BA = {
			isa = PBXGroup;
			children = (
				1D833E442F255BD20035B70B /* LockScreen WidgetsExtension.entitlements */,
				1DF6BCE62F1CD8D600C3E6BA /* Intake */,
				1D2DE06A2F251E3600FFDF24 /* LockScreen Widgets */,
				1D2DE0652F251E3600FFDF24 /* Frameworks */,
				1DF6BCE52F1CD8D600C3E6BA /* Products */,
			);
			sourceTree = "<group>";
		};
		1DF6BCE52F1CD8D600C3E6BA /* Products */ = {
			isa = PBXGroup;
			children = (
				1DF6BCE42F1CD8D600C3E6BA /* Intake.app */,
				1D2DE0642F251E3600FFDF24 /* LockScreen WidgetsExtension.appex */,
			);
			name = Products;
			sourceTree = "<group>";
		};
/* End PBXGroup section */

/* Begin PBXNativeTarget section */
		1D2DE0632F251E3600FFDF24 /* LockScreen WidgetsExtension */ = {
			isa = PBXNativeTarget;
			buildConfigurationList = 1D2DE0752F251E3700FFDF24 /* Build configuration list for PBXNativeTarget "LockScreen WidgetsExtension" */;
			buildPhases = (
				1D2DE0602F251E3600FFDF24 /* Sources */,
				1D2DE0612F251E3600FFDF24 /* Frameworks */,
				1D2DE0622F251E3600FFDF24 /* Resources */,
			);
			buildRules = (
			);
			dependencies = (
			);
			fileSystemSynchronizedGroups = (
				1D2DE06A2F251E3600FFDF24 /* LockScreen Widgets */,
			);
			name = "LockScreen WidgetsExtension";
			packageProductDependencies = (
			);
			productName = "LockScreen WidgetsExtension";
			productReference = 1D2DE0642F251E3600FFDF24 /* LockScreen WidgetsExtension.appex */;
			productType = "com.apple.product-type.app-extension";
		};
		1DF6BCE32F1CD8D600C3E6BA /* Intake */ = {
			isa = PBXNativeTarget;
			buildConfigurationList = 1DF6BCF12F1CD8D600C3E6BA /* Build configuration list for PBXNativeTarget "Intake" */;
			buildPhases = (
				1DF6BCE02F1CD8D600C3E6BA /* Sources */,
				1DF6BCE12F1CD8D600C3E6BA /* Frameworks */,
				1DF6BCE22F1CD8D600C3E6BA /* Resources */,
				1D60E8E12F24D73500B1965A /* Embed Foundation Extensions */,
			);
			buildRules = (
			);
			dependencies = (
				1D2DE0732F251E3700FFDF24 /* PBXTargetDependency */,
			);
			fileSystemSynchronizedGroups = (
				1DF6BCE62F1CD8D600C3E6BA /* Intake */,
			);
			name = Intake;
			packageProductDependencies = (
			);
			productName = Intake;
			productReference = 1DF6BCE42F1CD8D600C3E6BA /* Intake.app */;
			productType = "com.apple.product-type.application";
		};
/* End PBXNativeTarget section */

/* Begin PBXProject section */
		1DF6BCDC2F1CD8D600C3E6BA /* Project object */ = {
			isa = PBXProject;
			attributes = {
				BuildIndependentTargetsInParallel = 1;
				LastSwiftUpdateCheck = 2610;
				LastUpgradeCheck = 2610;
				TargetAttributes = {
					1D2DE0632F251E3600FFDF24 = {
						CreatedOnToolsVersion = 26.1.1;
					};
					1DF6BCE32F1CD8D600C3E6BA = {
						CreatedOnToolsVersion = 26.1.1;
					};
				};
			};
			buildConfigurationList = 1DF6BCDF2F1CD8D600C3E6BA /* Build configuration list for PBXProject "Intake" */;
			developmentRegion = en;
			hasScannedForEncodings = 0;
			knownRegions = (
				en,
				Base,
			);
			mainGroup = 1DF6BCDB2F1CD8D600C3E6BA;
			minimizedProjectReferenceProxies = 1;
			preferredProjectObjectVersion = 77;
			productRefGroup = 1DF6BCE52F1CD8D600C3E6BA /* Products */;
			projectDirPath = "";
			projectRoot = "";
			targets = (
				1DF6BCE32F1CD8D600C3E6BA /* Intake */,
				1D2DE0632F251E3600FFDF24 /* LockScreen WidgetsExtension */,
			);
		};
/* End PBXProject section */

/* Begin PBXResourcesBuildPhase section */
		1D2DE0622F251E3600FFDF24 /* Resources */ = {
			isa = PBXResourcesBuildPhase;
			buildActionMask = 2147483647;
			files = (
			);
			runOnlyForDeploymentPostprocessing = 0;
		};
		1DF6BCE22F1CD8D600C3E6BA /* Resources */ = {
			isa = PBXResourcesBuildPhase;
			buildActionMask = 2147483647;
			files = (
			);
			runOnlyForDeploymentPostprocessing = 0;
		};
/* End PBXResourcesBuildPhase section */

/* Begin PBXSourcesBuildPhase section */
		1D2DE0602F251E3600FFDF24 /* Sources */ = {
			isa = PBXSourcesBuildPhase;
			buildActionMask = 2147483647;
			files = (
			);
			runOnlyForDeploymentPostprocessing = 0;
		};
		1DF6BCE02F1CD8D600C3E6BA /* Sources */ = {
			isa = PBXSourcesBuildPhase;
			buildActionMask = 2147483647;
			files = (
			);
			runOnlyForDeploymentPostprocessing = 0;
		};
/* End PBXSourcesBuildPhase section */

/* Begin PBXTargetDependency section */
		1D2DE0732F251E3700FFDF24 /* PBXTargetDependency */ = {
			isa = PBXTargetDependency;
			target = 1D2DE0632F251E3600FFDF24 /* LockScreen WidgetsExtension */;
			targetProxy = 1D2DE0722F251E3700FFDF24 /* PBXContainerItemProxy */;
		};
/* End PBXTargetDependency section */

/* Begin XCBuildConfiguration section */
		1D2DE0762F251E3700FFDF24 /* Debug */ = {
			isa = XCBuildConfiguration;
			buildSettings = {
				ASSETCATALOG_COMPILER_GLOBAL_ACCENT_COLOR_NAME = AccentColor;
				ASSETCATALOG_COMPILER_WIDGET_BACKGROUND_COLOR_NAME = WidgetBackground;
				CODE_SIGN_ENTITLEMENTS = "LockScreen WidgetsExtension.entitlements";
				CODE_SIGN_STYLE = Automatic;
				CURRENT_PROJECT_VERSION = 1;
				DEVELOPMENT_TEAM = W8RLJ8MS39;
				GENERATE_INFOPLIST_FILE = YES;
				INFOPLIST_FILE = "LockScreen Widgets/Info.plist";
				INFOPLIST_KEY_CFBundleDisplayName = "LockScreen Widgets";
				INFOPLIST_KEY_NSHumanReadableCopyright = "";
				LD_RUNPATH_SEARCH_PATHS = (
					"$(inherited)",
					"@executable_path/Frameworks",
					"@executable_path/../../Frameworks",
				);
				MARKETING_VERSION = 1.0;
				PRODUCT_BUNDLE_IDENTIFIER = "com.valehjr.Intake.LockScreen-Widgets";
				PRODUCT_NAME = "$(TARGET_NAME)";
				SKIP_INSTALL = YES;
				STRING_CATALOG_GENERATE_SYMBOLS = YES;
				SWIFT_APPROACHABLE_CONCURRENCY = YES;
				SWIFT_EMIT_LOC_STRINGS = YES;
				SWIFT_UPCOMING_FEATURE_MEMBER_IMPORT_VISIBILITY = YES;
				SWIFT_VERSION = 5.0;
				TARGETED_DEVICE_FAMILY = "1,2";
			};
			name = Debug;
		};
		1D2DE0772F251E3700FFDF24 /* Release */ = {
			isa = XCBuildConfiguration;
			buildSettings = {
				ASSETCATALOG_COMPILER_GLOBAL_ACCENT_COLOR_NAME = AccentColor;
				ASSETCATALOG_COMPILER_WIDGET_BACKGROUND_COLOR_NAME = WidgetBackground;
				CODE_SIGN_ENTITLEMENTS = "LockScreen WidgetsExtension.entitlements";
				CODE_SIGN_STYLE = Automatic;
				CURRENT_PROJECT_VERSION = 1;
				DEVELOPMENT_TEAM = W8RLJ8MS39;
				GENERATE_INFOPLIST_FILE = YES;
				INFOPLIST_FILE = "LockScreen Widgets/Info.plist";
				INFOPLIST_KEY_CFBundleDisplayName = "LockScreen Widgets";
				INFOPLIST_KEY_NSHumanReadableCopyright = "";
				LD_RUNPATH_SEARCH_PATHS = (
					"$(inherited)",
					"@executable_path/Frameworks",
					"@executable_path/../../Frameworks",
				);
				MARKETING_VERSION = 1.0;
				PRODUCT_BUNDLE_IDENTIFIER = "com.valehjr.Intake.LockScreen-Widgets";
				PRODUCT_NAME = "$(TARGET_NAME)";
				SKIP_INSTALL = YES;
				STRING_CATALOG_GENERATE_SYMBOLS = YES;
				SWIFT_APPROACHABLE_CONCURRENCY = YES;
				SWIFT_EMIT_LOC_STRINGS = YES;
				SWIFT_UPCOMING_FEATURE_MEMBER_IMPORT_VISIBILITY = YES;
				SWIFT_VERSION = 5.0;
				TARGETED_DEVICE_FAMILY = "1,2";
			};
			name = Release;
		};
		1DF6BCEF2F1CD8D600C3E6BA /* Debug */ = {
			isa = XCBuildConfiguration;
			buildSettings = {
				ALWAYS_SEARCH_USER_PATHS = NO;
				ASSETCATALOG_COMPILER_GENERATE_SWIFT_ASSET_SYMBOL_EXTENSIONS = YES;
				CLANG_ANALYZER_NONNULL = YES;
				CLANG_ANALYZER_NUMBER_OBJECT_CONVERSION = YES_AGGRESSIVE;
				CLANG_CXX_LANGUAGE_STANDARD = "gnu++20";
				CLANG_ENABLE_MODULES = YES;
				CLANG_ENABLE_OBJC_ARC = YES;
				CLANG_ENABLE_OBJC_WEAK = YES;
				CLANG_WARN_BLOCK_CAPTURE_AUTORELEASING = YES;
				CLANG_WARN_BOOL_CONVERSION = YES;
				CLANG_WARN_COMMA = YES;
				CLANG_WARN_CONSTANT_CONVERSION = YES;
				CLANG_WARN_DEPRECATED_OBJC_IMPLEMENTATIONS = YES;
				CLANG_WARN_DIRECT_OBJC_ISA_USAGE = YES_ERROR;
				CLANG_WARN_DOCUMENTATION_COMMENTS = YES;
				CLANG_WARN_EMPTY_BODY = YES;
				CLANG_WARN_ENUM_CONVERSION = YES;
				CLANG_WARN_INFINITE_RECURSION = YES;
				CLANG_WARN_INT_CONVERSION = YES;
				CLANG_WARN_NON_LITERAL_NULL_CONVERSION = YES;
				CLANG_WARN_OBJC_IMPLICIT_RETAIN_SELF = YES;
				CLANG_WARN_OBJC_LITERAL_CONVERSION = YES;
				CLANG_WARN_OBJC_ROOT_CLASS = YES_ERROR;
				CLANG_WARN_QUOTED_INCLUDE_IN_FRAMEWORK_HEADER = YES;
				CLANG_WARN_RANGE_LOOP_ANALYSIS = YES;
				CLANG_WARN_STRICT_PROTOTYPES = YES;
				CLANG_WARN_SUSPICIOUS_MOVE = YES;
				CLANG_WARN_UNGUARDED_AVAILABILITY = YES_AGGRESSIVE;
				CLANG_WARN_UNREACHABLE_CODE = YES;
				CLANG_WARN__DUPLICATE_METHOD_MATCH = YES;
				COPY_PHASE_STRIP = NO;
				DEBUG_INFORMATION_FORMAT = dwarf;
				DEVELOPMENT_TEAM = W8RLJ8MS39;
				ENABLE_STRICT_OBJC_MSGSEND = YES;
				ENABLE_TESTABILITY = YES;
				ENABLE_USER_SCRIPT_SANDBOXING = YES;
				GCC_C_LANGUAGE_STANDARD = gnu17;
				GCC_DYNAMIC_NO_PIC = NO;
				GCC_NO_COMMON_BLOCKS = YES;
				GCC_OPTIMIZATION_LEVEL = 0;
				GCC_PREPROCESSOR_DEFINITIONS = (
					"DEBUG=1",
					"$(inherited)",
				);
				GCC_WARN_64_TO_32_BIT_CONVERSION = YES;
				GCC_WARN_ABOUT_RETURN_TYPE = YES_ERROR;
				GCC_WARN_UNDECLARED_SELECTOR = YES;
				GCC_WARN_UNINITIALIZED_AUTOS = YES_AGGRESSIVE;
				GCC_WARN_UNUSED_FUNCTION = YES;
				GCC_WARN_UNUSED_VARIABLE = YES;
				IPHONEOS_DEPLOYMENT_TARGET = 26.1;
				LOCALIZATION_PREFERS_STRING_CATALOGS = YES;
				MTL_ENABLE_DEBUG_INFO = INCLUDE_SOURCE;
				MTL_FAST_MATH = YES;
				ONLY_ACTIVE_ARCH = YES;
				SDKROOT = iphoneos;
				SWIFT_ACTIVE_COMPILATION_CONDITIONS = "DEBUG $(inherited)";
				SWIFT_OPTIMIZATION_LEVEL = "-Onone";
			};
			name = Debug;
		};
		1DF6BCF02F1CD8D600C3E6BA /* Release */ = {
			isa = XCBuildConfiguration;
			buildSettings = {
				ALWAYS_SEARCH_USER_PATHS = NO;
				ASSETCATALOG_COMPILER_GENERATE_SWIFT_ASSET_SYMBOL_EXTENSIONS = YES;
				CLANG_ANALYZER_NONNULL = YES;
				CLANG_ANALYZER_NUMBER_OBJECT_CONVERSION = YES_AGGRESSIVE;
				CLANG_CXX_LANGUAGE_STANDARD = "gnu++20";
				CLANG_ENABLE_MODULES = YES;
				CLANG_ENABLE_OBJC_ARC = YES;
				CLANG_ENABLE_OBJC_WEAK = YES;
				CLANG_WARN_BLOCK_CAPTURE_AUTORELEASING = YES;
				CLANG_WARN_BOOL_CONVERSION = YES;
				CLANG_WARN_COMMA = YES;
				CLANG_WARN_CONSTANT_CONVERSION = YES;
				CLANG_WARN_DEPRECATED_OBJC_IMPLEMENTATIONS = YES;
				CLANG_WARN_DIRECT_OBJC_ISA_USAGE = YES_ERROR;
				CLANG_WARN_DOCUMENTATION_COMMENTS = YES;
				CLANG_WARN_EMPTY_BODY = YES;
				CLANG_WARN_ENUM_CONVERSION = YES;
				CLANG_WARN_INFINITE_RECURSION = YES;
				CLANG_WARN_INT_CONVERSION = YES;
				CLANG_WARN_NON_LITERAL_NULL_CONVERSION = YES;
				CLANG_WARN_OBJC_IMPLICIT_RETAIN_SELF = YES;
				CLANG_WARN_OBJC_LITERAL_CONVERSION = YES;
				CLANG_WARN_OBJC_ROOT_CLASS = YES_ERROR;
				CLANG_WARN_QUOTED_INCLUDE_IN_FRAMEWORK_HEADER = YES;
				CLANG_WARN_RANGE_LOOP_ANALYSIS = YES;
				CLANG_WARN_STRICT_PROTOTYPES = YES;
				CLANG_WARN_SUSPICIOUS_MOVE = YES;
				CLANG_WARN_UNGUARDED_AVAILABILITY = YES_AGGRESSIVE;
				CLANG_WARN_UNREACHABLE_CODE = YES;
				CLANG_WARN__DUPLICATE_METHOD_MATCH = YES;
				COPY_PHASE_STRIP = NO;
				DEBUG_INFORMATION_FORMAT = "dwarf-with-dsym";
				DEVELOPMENT_TEAM = W8RLJ8MS39;
				ENABLE_NS_ASSERTIONS = NO;
				ENABLE_STRICT_OBJC_MSGSEND = YES;
				ENABLE_USER_SCRIPT_SANDBOXING = YES;
				GCC_C_LANGUAGE_STANDARD = gnu17;
				GCC_NO_COMMON_BLOCKS = YES;
				GCC_WARN_64_TO_32_BIT_CONVERSION = YES;
				GCC_WARN_ABOUT_RETURN_TYPE = YES_ERROR;
				GCC_WARN_UNDECLARED_SELECTOR = YES;
				GCC_WARN_UNINITIALIZED_AUTOS = YES_AGGRESSIVE;
				GCC_WARN_UNUSED_FUNCTION = YES;
				GCC_WARN_UNUSED_VARIABLE = YES;
				IPHONEOS_DEPLOYMENT_TARGET = 26.1;
				LOCALIZATION_PREFERS_STRING_CATALOGS = YES;
				MTL_ENABLE_DEBUG_INFO = NO;
				MTL_FAST_MATH = YES;
				SDKROOT = iphoneos;
				SWIFT_COMPILATION_MODE = wholemodule;
				VALIDATE_PRODUCT = YES;
			};
			name = Release;
		};
		1DF6BCF22F1CD8D600C3E6BA /* Debug */ = {
			isa = XCBuildConfiguration;
			buildSettings = {
				ASSETCATALOG_COMPILER_APPICON_NAME = AppIcon;
				ASSETCATALOG_COMPILER_GLOBAL_ACCENT_COLOR_NAME = AccentColor;
				CODE_SIGN_ENTITLEMENTS = Intake/Intake.entitlements;
				CODE_SIGN_STYLE = Automatic;
				CURRENT_PROJECT_VERSION = 1;
				DEVELOPMENT_TEAM = W8RLJ8MS39;
				ENABLE_PREVIEWS = YES;
				GENERATE_INFOPLIST_FILE = YES;
				INFOPLIST_KEY_UIApplicationSceneManifest_Generation = YES;
				INFOPLIST_KEY_UIApplicationSupportsIndirectInputEvents = YES;
				INFOPLIST_KEY_UILaunchStoryboardName = "Launch Screen";
				INFOPLIST_KEY_UISupportedInterfaceOrientations = UIInterfaceOrientationPortrait;
				INFOPLIST_KEY_UISupportedInterfaceOrientations_iPad = "UIInterfaceOrientationLandscapeLeft UIInterfaceOrientationLandscapeRight UIInterfaceOrientationPortrait UIInterfaceOrientationPortraitUpsideDown";
				LD_RUNPATH_SEARCH_PATHS = (
					"$(inherited)",
					"@executable_path/Frameworks",
				);
				MARKETING_VERSION = 1.0;
				PRODUCT_BUNDLE_IDENTIFIER = com.valehjr.Intake;
				PRODUCT_NAME = "$(TARGET_NAME)";
				STRING_CATALOG_GENERATE_SYMBOLS = YES;
				SWIFT_APPROACHABLE_CONCURRENCY = YES;
				SWIFT_DEFAULT_ACTOR_ISOLATION = MainActor;
				SWIFT_EMIT_LOC_STRINGS = YES;
				SWIFT_UPCOMING_FEATURE_MEMBER_IMPORT_VISIBILITY = YES;
				SWIFT_VERSION = 5.0;
				TARGETED_DEVICE_FAMILY = "1,2";
			};
			name = Debug;
		};
		1DF6BCF32F1CD8D600C3E6BA /* Release */ = {
			isa = XCBuildConfiguration;
			buildSettings = {
				ASSETCATALOG_COMPILER_APPICON_NAME = AppIcon;
				ASSETCATALOG_COMPILER_GLOBAL_ACCENT_COLOR_NAME = AccentColor;
				CODE_SIGN_ENTITLEMENTS = Intake/Intake.entitlements;
				CODE_SIGN_STYLE = Automatic;
				CURRENT_PROJECT_VERSION = 1;
				DEVELOPMENT_TEAM = W8RLJ8MS39;
				ENABLE_PREVIEWS = YES;
				GENERATE_INFOPLIST_FILE = YES;
				INFOPLIST_KEY_UIApplicationSceneManifest_Generation = YES;
				INFOPLIST_KEY_UIApplicationSupportsIndirectInputEvents = YES;
				INFOPLIST_KEY_UILaunchStoryboardName = "Launch Screen";
				INFOPLIST_KEY_UISupportedInterfaceOrientations = UIInterfaceOrientationPortrait;
				INFOPLIST_KEY_UISupportedInterfaceOrientations_iPad = "UIInterfaceOrientationLandscapeLeft UIInterfaceOrientationLandscapeRight UIInterfaceOrientationPortrait UIInterfaceOrientationPortraitUpsideDown";
				LD_RUNPATH_SEARCH_PATHS = (
					"$(inherited)",
					"@executable_path/Frameworks",
				);
				MARKETING_VERSION = 1.0;
				PRODUCT_BUNDLE_IDENTIFIER = com.valehjr.Intake;
				PRODUCT_NAME = "$(TARGET_NAME)";
				STRING_CATALOG_GENERATE_SYMBOLS = YES;
				SWIFT_APPROACHABLE_CONCURRENCY = YES;
				SWIFT_DEFAULT_ACTOR_ISOLATION = MainActor;
				SWIFT_EMIT_LOC_STRINGS = YES;
				SWIFT_UPCOMING_FEATURE_MEMBER_IMPORT_VISIBILITY = YES;
				SWIFT_VERSION = 5.0;
				TARGETED_DEVICE_FAMILY = "1,2";
			};
			name = Release;
		};
/* End XCBuildConfiguration section */

/* Begin XCConfigurationList section */
		1D2DE0752F251E3700FFDF24 /* Build configuration list for PBXNativeTarget "LockScreen WidgetsExtension" */ = {
			isa = XCConfigurationList;
			buildConfigurations = (
				1D2DE0762F251E3700FFDF24 /* Debug */,
				1D2DE0772F251E3700FFDF24 /* Release */,
			);
			defaultConfigurationIsVisible = 0;
			defaultConfigurationName = Release;
		};
		1DF6BCDF2F1CD8D600C3E6BA /* Build configuration list for PBXProject "Intake" */ = {
			isa = XCConfigurationList;
			buildConfigurations = (
				1DF6BCEF2F1CD8D600C3E6BA /* Debug */,
				1DF6BCF02F1CD8D600C3E6BA /* Release */,
			);
			defaultConfigurationIsVisible = 0;
			defaultConfigurationName = Release;
		};
		1DF6BCF12F1CD8D600C3E6BA /* Build configuration list for PBXNativeTarget "Intake" */ = {
			isa = XCConfigurationList;
			buildConfigurations = (
				1DF6BCF22F1CD8D600C3E6BA /* Debug */,
				1DF6BCF32F1CD8D600C3E6BA /* Release */,
			);
			defaultConfigurationIsVisible = 0;
			defaultConfigurationName = Release;
		};
/* End XCConfigurationList section */
	};
	rootObject = 1DF6BCDC2F1CD8D600C3E6BA /* Project object */;
}
